
Microsoft Visual Studio Solution File, Format Version 12.00
# Visual Studio Version 17
VisualStudioVersion = 17.9.34714.143
MinimumVisualStudioVersion = 10.0.40219.1
Project("{FAE04EC0-301F-11D3-BF4B-00C04F79EFBC}") = "cakmaPhotoshopV2", "cakmaPhotoshopV2.csproj", "{94C6C3C2-E3BB-4BBC-98F0-A1A89FC0226B}"
EndProject
Global
	GlobalSection(SolutionConfigurationPlatforms) = preSolution
		Debug|Any CPU = Debug|Any CPU
		Release|Any CPU = Release|Any CPU
	EndGlobalSection
	GlobalSection(ProjectConfigurationPlatforms) = postSolution
		{94C6C3C2-E3BB-4BBC-98F0-A1A89FC0226B}.Debug|Any CPU.ActiveCfg = Debug|Any CPU
		{94C6C3C2-E3BB-4BBC-98F0-A1A89FC0226B}.Debug|Any CPU.Build.0 = Debug|Any CPU
		{94C6C3C2-E3BB-4BBC-98F0-A1A89FC0226B}.Release|Any CPU.ActiveCfg = Release|Any CPU
		{94C6C3C2-E3BB-4BBC-98F0-A1A89FC0226B}.Release|Any CPU.Build.0 = Release|Any CPU
	EndGlobalSection
	GlobalSection(SolutionProperties) = preSolution
		HideSolutionNode = FALSE
	EndGlobalSection
	GlobalSection(ExtensibilityGlobals) = postSolution
		SolutionGuid = {FEBFD4B2-5CBC-405D-B4B3-04DF3A9164DC}
	EndGlobalSection
EndGlobal
